
Microsoft Visual Studio Solution File, Format Version 12.00
# Visual Studio Version 16
VisualStudioVersion = 16.0.31911.196
MinimumVisualStudioVersion = 10.0.40219.1
Project("{2150E333-8FDC-42A3-9474-1A3956D46DE8}") = "Solution Items", "Solution Items", "{1E09F1AD-1207-4810-9B67-040F567031B4}"
	ProjectSection(SolutionItems) = preProject
		README.md = README.md
	EndProjectSection
EndProject
Project("{9A19103F-16F7-4668-BE54-9A1E7A4F7556}") = "SeturAssessment.Domain", "src\SeturAssessment.Domain\SeturAssessment.Domain.csproj", "{4B08DE52-0A90-4F74-9466-6B8BD770D667}"
EndProject
Project("{9A19103F-16F7-4668-BE54-9A1E7A4F7556}") = "SeturAssessment.Persistence", "src\SeturAssessment.Persistence\SeturAssessment.Persistence.csproj", "{E567FEB3-3C51-4C8B-84E3-96FF700959CC}"
EndProject
Project("{9A19103F-16F7-4668-BE54-9A1E7A4F7556}") = "SeturAssessment.Persistence.Test", "tests\SeturAssessment.Persistence.Test\SeturAssessment.Persistence.Test.csproj", "{FBBEF560-93E7-454E-90BB-62E1F71651E0}"
EndProject
Project("{2150E333-8FDC-42A3-9474-1A3956D46DE8}") = "Tests", "Tests", "{321B545D-5ABE-4AC1-9A91-388FFE25EC12}"
EndProject
Global
	GlobalSection(SolutionConfigurationPlatforms) = preSolution
		Debug|Any CPU = Debug|Any CPU
		Release|Any CPU = Release|Any CPU
	EndGlobalSection
	GlobalSection(ProjectConfigurationPlatforms) = postSolution
		{4B08DE52-0A90-4F74-9466-6B8BD770D667}.Debug|Any CPU.ActiveCfg = Debug|Any CPU
		{4B08DE52-0A90-4F74-9466-6B8BD770D667}.Debug|Any CPU.Build.0 = Debug|Any CPU
		{4B08DE52-0A90-4F74-9466-6B8BD770D667}.Release|Any CPU.ActiveCfg = Release|Any CPU
		{4B08DE52-0A90-4F74-9466-6B8BD770D667}.Release|Any CPU.Build.0 = Release|Any CPU
		{E567FEB3-3C51-4C8B-84E3-96FF700959CC}.Debug|Any CPU.ActiveCfg = Debug|Any CPU
		{E567FEB3-3C51-4C8B-84E3-96FF700959CC}.Debug|Any CPU.Build.0 = Debug|Any CPU
		{E567FEB3-3C51-4C8B-84E3-96FF700959CC}.Release|Any CPU.ActiveCfg = Release|Any CPU
		{E567FEB3-3C51-4C8B-84E3-96FF700959CC}.Release|Any CPU.Build.0 = Release|Any CPU
		{FBBEF560-93E7-454E-90BB-62E1F71651E0}.Debug|Any CPU.ActiveCfg = Debug|Any CPU
		{FBBEF560-93E7-454E-90BB-62E1F71651E0}.Debug|Any CPU.Build.0 = Debug|Any CPU
		{FBBEF560-93E7-454E-90BB-62E1F71651E0}.Release|Any CPU.ActiveCfg = Release|Any CPU
		{FBBEF560-93E7-454E-90BB-62E1F71651E0}.Release|Any CPU.Build.0 = Release|Any CPU
	EndGlobalSection
	GlobalSection(SolutionProperties) = preSolution
		HideSolutionNode = FALSE
	EndGlobalSection
	GlobalSection(NestedProjects) = preSolution
		{FBBEF560-93E7-454E-90BB-62E1F71651E0} = {321B545D-5ABE-4AC1-9A91-388FFE25EC12}
	EndGlobalSection
	GlobalSection(ExtensibilityGlobals) = postSolution
		SolutionGuid = {3E03FC8E-5884-4D79-AEF5-312D4DB892D4}
	EndGlobalSection
EndGlobal
